
Microsoft Visual Studio Solution File, Format Version 12.00
# Visual Studio 15
VisualStudioVersion = 15.0.28010.2046
MinimumVisualStudioVersion = 10.0.40219.1
Project("{FAE04EC0-301F-11D3-BF4B-00C04F79EFBC}") = "FeedbackAnalyzer", "FeedbackAnalyzer\FeedbackAnalyzer.csproj", "{BF635C7A-691E-4F0D-820E-310A59B82856}"
EndProject
Global
	GlobalSection(SolutionConfigurationPlatforms) = preSolution
		Debug|Any CPU = Debug|Any CPU
		Release|Any CPU = Release|Any CPU
	EndGlobalSection
	GlobalSection(ProjectConfigurationPlatforms) = postSolution
		{BF635C7A-691E-4F0D-820E-310A59B82856}.Debug|Any CPU.ActiveCfg = Debug|Any CPU
		{BF635C7A-691E-4F0D-820E-310A59B82856}.Debug|Any CPU.Build.0 = Debug|Any CPU
		{BF635C7A-691E-4F0D-820E-310A59B82856}.Release|Any CPU.ActiveCfg = Release|Any CPU
		{BF635C7A-691E-4F0D-820E-310A59B82856}.Release|Any CPU.Build.0 = Release|Any CPU
	EndGlobalSection
	GlobalSection(SolutionProperties) = preSolution
		HideSolutionNode = FALSE
	EndGlobalSection
	GlobalSection(ExtensibilityGlobals) = postSolution
		SolutionGuid = {9979626E-9246-42F4-BDDF-57AECB3E5ECB}
	EndGlobalSection
EndGlobal
